
Microsoft Visual Studio Solution File, Format Version 12.00
# Visual Studio Version 17
VisualStudioVersion = 17.8.34408.163
MinimumVisualStudioVersion = 10.0.40219.1
Project("{8BC9CEB8-8B4A-11D0-8D11-00A0C91BC942}") = "001", "001\001.vcxproj", "{75FF91E9-180C-4418-9CBD-53432F1E8BAF}"
EndProject
Project("{8BC9CEB8-8B4A-11D0-8D11-00A0C91BC942}") = "002", "002\002.vcxproj", "{F08A5F15-BEB0-444A-8247-45BD02DA8F9B}"
EndProject
Project("{8BC9CEB8-8B4A-11D0-8D11-00A0C91BC942}") = "003", "003\003.vcxproj", "{C26884E3-32CC-445E-8070-44C7CFC5E6C2}"
EndProject
Project("{8BC9CEB8-8B4A-11D0-8D11-00A0C91BC942}") = "004", "004\004.vcxproj", "{C9314426-FD56-4892-812B-31868CA6538E}"
EndProject
Project("{8BC9CEB8-8B4A-11D0-8D11-00A0C91BC942}") = "005", "005\005.vcxproj", "{0BED1B22-53B5-480F-A30D-D024FF5A7526}"
EndProject
Project("{8BC9CEB8-8B4A-11D0-8D11-00A0C91BC942}") = "006", "006\006.vcxproj", "{DBF70598-100E-4FBF-BE29-965DCFD20ECE}"
EndProject
Project("{8BC9CEB8-8B4A-11D0-8D11-00A0C91BC942}") = "007", "007\007.vcxproj", "{D8DE3522-475D-480B-960A-54BECE345173}"
EndProject
Project("{8BC9CEB8-8B4A-11D0-8D11-00A0C91BC942}") = "008", "008\008.vcxproj", "{3590CBAF-7A2E-4E46-9571-58D4443E2908}"
EndProject
Project("{8BC9CEB8-8B4A-11D0-8D11-00A0C91BC942}") = "009", "009\009.vcxproj", "{75D2284D-6D73-407F-B77E-017635EB4D2B}"
EndProject
Project("{8BC9CEB8-8B4A-11D0-8D11-00A0C91BC942}") = "010", "010\010.vcxproj", "{3B2635E9-919A-479F-811D-CDCEC136DCAF}"
EndProject
Project("{8BC9CEB8-8B4A-11D0-8D11-00A0C91BC942}") = "011", "011\011.vcxproj", "{A6F5D3AB-BFCE-474C-B895-23FFFD390C0D}"
EndProject
Project("{8BC9CEB8-8B4A-11D0-8D11-00A0C91BC942}") = "012", "012\012.vcxproj", "{0B76FC85-9ED2-4128-89A0-8ADD5BB048A1}"
EndProject
Project("{8BC9CEB8-8B4A-11D0-8D11-00A0C91BC942}") = "013", "013\013.vcxproj", "{59FAC940-D665-479F-846B-E4CDB2BA3B96}"
EndProject
Project("{8BC9CEB8-8B4A-11D0-8D11-00A0C91BC942}") = "014", "014\014.vcxproj", "{EFCE9F72-6E53-4881-AADB-E437758919B1}"
EndProject
Project("{8BC9CEB8-8B4A-11D0-8D11-00A0C91BC942}") = "015", "015\015.vcxproj", "{E7E4CA46-A692-4AD5-BC08-7D3CFD2A1B3C}"
EndProject
Project("{8BC9CEB8-8B4A-11D0-8D11-00A0C91BC942}") = "016", "016\016.vcxproj", "{8BCDCD54-848E-4DF6-B39C-47C130142B47}"
EndProject
Project("{8BC9CEB8-8B4A-11D0-8D11-00A0C91BC942}") = "017", "017\017.vcxproj", "{D2F31203-FDC0-4788-A982-CE4A8041568D}"
EndProject
Project("{8BC9CEB8-8B4A-11D0-8D11-00A0C91BC942}") = "018", "018\018.vcxproj", "{7C73F82C-4309-4ABE-AD7F-0ADFF6AC66E3}"
EndProject
Project("{8BC9CEB8-8B4A-11D0-8D11-00A0C91BC942}") = "019", "019\019.vcxproj", "{E98BAE31-0B32-41BD-BCAC-75D39DD4A49D}"
EndProject
Project("{8BC9CEB8-8B4A-11D0-8D11-00A0C91BC942}") = "020", "020\020.vcxproj", "{9B2AFF9F-6E2D-45AB-8E75-BCBB33708766}"
EndProject
Project("{8BC9CEB8-8B4A-11D0-8D11-00A0C91BC942}") = "021", "021\021.vcxproj", "{AA3DC83C-8E7E-42E0-B291-C208C7B14E05}"
EndProject
Project("{8BC9CEB8-8B4A-11D0-8D11-00A0C91BC942}") = "022", "022\022.vcxproj", "{F13E4CB3-8376-4A73-B4B3-4FCC52A860AE}"
EndProject
Project("{8BC9CEB8-8B4A-11D0-8D11-00A0C91BC942}") = "023", "023\023.vcxproj", "{0E8E4310-DD12-4F6B-83D5-DD0C9910606A}"
EndProject
Project("{8BC9CEB8-8B4A-11D0-8D11-00A0C91BC942}") = "024", "024\024.vcxproj", "{D48B81A8-9148-4EB2-B624-2C3A9488D3AB}"
EndProject
Project("{8BC9CEB8-8B4A-11D0-8D11-00A0C91BC942}") = "025", "025\025.vcxproj", "{123F04F5-D4FE-4CC8-8383-2807E154A96F}"
EndProject
Global
	GlobalSection(SolutionConfigurationPlatforms) = preSolution
		Debug|x64 = Debug|x64
		Debug|x86 = Debug|x86
		Release|x64 = Release|x64
		Release|x86 = Release|x86
	EndGlobalSection
	GlobalSection(ProjectConfigurationPlatforms) = postSolution
		{75FF91E9-180C-4418-9CBD-53432F1E8BAF}.Debug|x64.ActiveCfg = Debug|x64
		{75FF91E9-180C-4418-9CBD-53432F1E8BAF}.Debug|x64.Build.0 = Debug|x64
		{75FF91E9-180C-4418-9CBD-53432F1E8BAF}.Debug|x86.ActiveCfg = Debug|Win32
		{75FF91E9-180C-4418-9CBD-53432F1E8BAF}.Debug|x86.Build.0 = Debug|Win32
		{75FF91E9-180C-4418-9CBD-53432F1E8BAF}.Release|x64.ActiveCfg = Release|x64
		{75FF91E9-180C-4418-9CBD-53432F1E8BAF}.Release|x64.Build.0 = Release|x64
		{75FF91E9-180C-4418-9CBD-53432F1E8BAF}.Release|x86.ActiveCfg = Release|Win32
		{75FF91E9-180C-4418-9CBD-53432F1E8BAF}.Release|x86.Build.0 = Release|Win32
		{F08A5F15-BEB0-444A-8247-45BD02DA8F9B}.Debug|x64.ActiveCfg = Debug|x64
		{F08A5F15-BEB0-444A-8247-45BD02DA8F9B}.Debug|x64.Build.0 = Debug|x64
		{F08A5F15-BEB0-444A-8247-45BD02DA8F9B}.Debug|x86.ActiveCfg = Debug|Win32
		{F08A5F15-BEB0-444A-8247-45BD02DA8F9B}.Debug|x86.Build.0 = Debug|Win32
		{F08A5F15-BEB0-444A-8247-45BD02DA8F9B}.Release|x64.ActiveCfg = Release|x64
		{F08A5F15-BEB0-444A-8247-45BD02DA8F9B}.Release|x64.Build.0 = Release|x64
		{F08A5F15-BEB0-444A-8247-45BD02DA8F9B}.Release|x86.ActiveCfg = Release|Win32
		{F08A5F15-BEB0-444A-8247-45BD02DA8F9B}.Release|x86.Build.0 = Release|Win32
		{C26884E3-32CC-445E-8070-44C7CFC5E6C2}.Debug|x64.ActiveCfg = Debug|x64
		{C26884E3-32CC-445E-8070-44C7CFC5E6C2}.Debug|x64.Build.0 = Debug|x64
		{C26884E3-32CC-445E-8070-44C7CFC5E6C2}.Debug|x86.ActiveCfg = Debug|Win32
		{C26884E3-32CC-445E-8070-44C7CFC5E6C2}.Debug|x86.Build.0 = Debug|Win32
		{C26884E3-32CC-445E-8070-44C7CFC5E6C2}.Release|x64.ActiveCfg = Release|x64
		{C26884E3-32CC-445E-8070-44C7CFC5E6C2}.Release|x64.Build.0 = Release|x64
		{C26884E3-32CC-445E-8070-44C7CFC5E6C2}.Release|x86.ActiveCfg = Release|Win32
		{C26884E3-32CC-445E-8070-44C7CFC5E6C2}.Release|x86.Build.0 = Release|Win32
		{C9314426-FD56-4892-812B-31868CA6538E}.Debug|x64.ActiveCfg = Debug|x64
		{C9314426-FD56-4892-812B-31868CA6538E}.Debug|x64.Build.0 = Debug|x64
		{C9314426-FD56-4892-812B-31868CA6538E}.Debug|x86.ActiveCfg = Debug|Win32
		{C9314426-FD56-4892-812B-31868CA6538E}.Debug|x86.Build.0 = Debug|Win32
		{C9314426-FD56-4892-812B-31868CA6538E}.Release|x64.ActiveCfg = Release|x64
		{C9314426-FD56-4892-812B-31868CA6538E}.Release|x64.Build.0 = Release|x64
		{C9314426-FD56-4892-812B-31868CA6538E}.Release|x86.ActiveCfg = Release|Win32
		{C9314426-FD56-4892-812B-31868CA6538E}.Release|x86.Build.0 = Release|Win32
		{0BED1B22-53B5-480F-A30D-D024FF5A7526}.Debug|x64.ActiveCfg = Debug|x64
		{0BED1B22-53B5-480F-A30D-D024FF5A7526}.Debug|x64.Build.0 = Debug|x64
		{0BED1B22-53B5-480F-A30D-D024FF5A7526}.Debug|x86.ActiveCfg = Debug|Win32
		{0BED1B22-53B5-480F-A30D-D024FF5A7526}.Debug|x86.Build.0 = Debug|Win32
		{0BED1B22-53B5-480F-A30D-D024FF5A7526}.Release|x64.ActiveCfg = Release|x64
		{0BED1B22-53B5-480F-A30D-D024FF5A7526}.Release|x64.Build.0 = Release|x64
		{0BED1B22-53B5-480F-A30D-D024FF5A7526}.Release|x86.ActiveCfg = Release|Win32
		{0BED1B22-53B5-480F-A30D-D024FF5A7526}.Release|x86.Build.0 = Release|Win32
		{DBF70598-100E-4FBF-BE29-965DCFD20ECE}.Debug|x64.ActiveCfg = Debug|x64
		{DBF70598-100E-4FBF-BE29-965DCFD20ECE}.Debug|x64.Build.0 = Debug|x64
		{DBF70598-100E-4FBF-BE29-965DCFD20ECE}.Debug|x86.ActiveCfg = Debug|Win32
		{DBF70598-100E-4FBF-BE29-965DCFD20ECE}.Debug|x86.Build.0 = Debug|Win32
		{DBF70598-100E-4FBF-BE29-965DCFD20ECE}.Release|x64.ActiveCfg = Release|x64
		{DBF70598-100E-4FBF-BE29-965DCFD20ECE}.Release|x64.Build.0 = Release|x64
		{DBF70598-100E-4FBF-BE29-965DCFD20ECE}.Release|x86.ActiveCfg = Release|Win32
		{DBF70598-100E-4FBF-BE29-965DCFD20ECE}.Release|x86.Build.0 = Release|Win32
		{D8DE3522-475D-480B-960A-54BECE345173}.Debug|x64.ActiveCfg = Debug|x64
		{D8DE3522-475D-480B-960A-54BECE345173}.Debug|x64.Build.0 = Debug|x64
		{D8DE3522-475D-480B-960A-54BECE345173}.Debug|x86.ActiveCfg = Debug|Win32
		{D8DE3522-475D-480B-960A-54BECE345173}.Debug|x86.Build.0 = Debug|Win32
		{D8DE3522-475D-480B-960A-54BECE345173}.Release|x64.ActiveCfg = Release|x64
		{D8DE3522-475D-480B-960A-54BECE345173}.Release|x64.Build.0 = Release|x64
		{D8DE3522-475D-480B-960A-54BECE345173}.Release|x86.ActiveCfg = Release|Win32
		{D8DE3522-475D-480B-960A-54BECE345173}.Release|x86.Build.0 = Release|Win32
		{3590CBAF-7A2E-4E46-9571-58D4443E2908}.Debug|x64.ActiveCfg = Debug|x64
		{3590CBAF-7A2E-4E46-9571-58D4443E2908}.Debug|x64.Build.0 = Debug|x64
		{3590CBAF-7A2E-4E46-9571-58D4443E2908}.Debug|x86.ActiveCfg = Debug|Win32
		{3590CBAF-7A2E-4E46-9571-58D4443E2908}.Debug|x86.Build.0 = Debug|Win32
		{3590CBAF-7A2E-4E46-9571-58D4443E2908}.Release|x64.ActiveCfg = Release|x64
		{3590CBAF-7A2E-4E46-9571-58D4443E2908}.Release|x64.Build.0 = Release|x64
		{3590CBAF-7A2E-4E46-9571-58D4443E2908}.Release|x86.ActiveCfg = Release|Win32
		{3590CBAF-7A2E-4E46-9571-58D4443E2908}.Release|x86.Build.0 = Release|Win32
		{75D2284D-6D73-407F-B77E-017635EB4D2B}.Debug|x64.ActiveCfg = Debug|x64
		{75D2284D-6D73-407F-B77E-017635EB4D2B}.Debug|x64.Build.0 = Debug|x64
		{75D2284D-6D73-407F-B77E-017635EB4D2B}.Debug|x86.ActiveCfg = Debug|Win32
		{75D2284D-6D73-407F-B77E-017635EB4D2B}.Debug|x86.Build.0 = Debug|Win32
		{75D2284D-6D73-407F-B77E-017635EB4D2B}.Release|x64.ActiveCfg = Release|x64
		{75D2284D-6D73-407F-B77E-017635EB4D2B}.Release|x64.Build.0 = Release|x64
		{75D2284D-6D73-407F-B77E-017635EB4D2B}.Release|x86.ActiveCfg = Release|Win32
		{75D2284D-6D73-407F-B77E-017635EB4D2B}.Release|x86.Build.0 = Release|Win32
		{3B2635E9-919A-479F-811D-CDCEC136DCAF}.Debug|x64.ActiveCfg = Debug|x64
		{3B2635E9-919A-479F-811D-CDCEC136DCAF}.Debug|x64.Build.0 = Debug|x64
		{3B2635E9-919A-479F-811D-CDCEC136DCAF}.Debug|x86.ActiveCfg = Debug|Win32
		{3B2635E9-919A-479F-811D-CDCEC136DCAF}.Debug|x86.Build.0 = Debug|Win32
		{3B2635E9-919A-479F-811D-CDCEC136DCAF}.Release|x64.ActiveCfg = Release|x64
		{3B2635E9-919A-479F-811D-CDCEC136DCAF}.Release|x64.Build.0 = Release|x64
		{3B2635E9-919A-479F-811D-CDCEC136DCAF}.Release|x86.ActiveCfg = Release|Win32
		{3B2635E9-919A-479F-811D-CDCEC136DCAF}.Release|x86.Build.0 = Release|Win32
		{A6F5D3AB-BFCE-474C-B895-23FFFD390C0D}.Debug|x64.ActiveCfg = Debug|x64
		{A6F5D3AB-BFCE-474C-B895-23FFFD390C0D}.Debug|x64.Build.0 = Debug|x64
		{A6F5D3AB-BFCE-474C-B895-23FFFD390C0D}.Debug|x86.ActiveCfg = Debug|Win32
		{A6F5D3AB-BFCE-474C-B895-23FFFD390C0D}.Debug|x86.Build.0 = Debug|Win32
		{A6F5D3AB-BFCE-474C-B895-23FFFD390C0D}.Release|x64.ActiveCfg = Release|x64
		{A6F5D3AB-BFCE-474C-B895-23FFFD390C0D}.Release|x64.Build.0 = Release|x64
		{A6F5D3AB-BFCE-474C-B895-23FFFD390C0D}.Release|x86.ActiveCfg = Release|Win32
		{A6F5D3AB-BFCE-474C-B895-23FFFD390C0D}.Release|x86.Build.0 = Release|Win32
		{0B76FC85-9ED2-4128-89A0-8ADD5BB048A1}.Debug|x64.ActiveCfg = Debug|x64
		{0B76FC85-9ED2-4128-89A0-8ADD5BB048A1}.Debug|x64.Build.0 = Debug|x64
		{0B76FC85-9ED2-4128-89A0-8ADD5BB048A1}.Debug|x86.ActiveCfg = Debug|Win32
		{0B76FC85-9ED2-4128-89A0-8ADD5BB048A1}.Debug|x86.Build.0 = Debug|Win32
		{0B76FC85-9ED2-4128-89A0-8ADD5BB048A1}.Release|x64.ActiveCfg = Release|x64
		{0B76FC85-9ED2-4128-89A0-8ADD5BB048A1}.Release|x64.Build.0 = Release|x64
		{0B76FC85-9ED2-4128-89A0-8ADD5BB048A1}.Release|x86.ActiveCfg = Release|Win32
		{0B76FC85-9ED2-4128-89A0-8ADD5BB048A1}.Release|x86.Build.0 = Release|Win32
		{59FAC940-D665-479F-846B-E4CDB2BA3B96}.Debug|x64.ActiveCfg = Debug|x64
		{59FAC940-D665-479F-846B-E4CDB2BA3B96}.Debug|x64.Build.0 = Debug|x64
		{59FAC940-D665-479F-846B-E4CDB2BA3B96}.Debug|x86.ActiveCfg = Debug|Win32
		{59FAC940-D665-479F-846B-E4CDB2BA3B96}.Debug|x86.Build.0 = Debug|Win32
		{59FAC940-D665-479F-846B-E4CDB2BA3B96}.Release|x64.ActiveCfg = Release|x64
		{59FAC940-D665-479F-846B-E4CDB2BA3B96}.Release|x64.Build.0 = Release|x64
		{59FAC940-D665-479F-846B-E4CDB2BA3B96}.Release|x86.ActiveCfg = Release|Win32
		{59FAC940-D665-479F-846B-E4CDB2BA3B96}.Release|x86.Build.0 = Release|Win32
		{EFCE9F72-6E53-4881-AADB-E437758919B1}.Debug|x64.ActiveCfg = Debug|x64
		{EFCE9F72-6E53-4881-AADB-E437758919B1}.Debug|x64.Build.0 = Debug|x64
		{EFCE9F72-6E53-4881-AADB-E437758919B1}.Debug|x86.ActiveCfg = Debug|Win32
		{EFCE9F72-6E53-4881-AADB-E437758919B1}.Debug|x86.Build.0 = Debug|Win32
		{EFCE9F72-6E53-4881-AADB-E437758919B1}.Release|x64.ActiveCfg = Release|x64
		{EFCE9F72-6E53-4881-AADB-E437758919B1}.Release|x64.Build.0 = Release|x64
		{EFCE9F72-6E53-4881-AADB-E437758919B1}.Release|x86.ActiveCfg = Release|Win32
		{EFCE9F72-6E53-4881-AADB-E437758919B1}.Release|x86.Build.0 = Release|Win32
		{E7E4CA46-A692-4AD5-BC08-7D3CFD2A1B3C}.Debug|x64.ActiveCfg = Debug|x64
		{E7E4CA46-A692-4AD5-BC08-7D3CFD2A1B3C}.Debug|x64.Build.0 = Debug|x64
		{E7E4CA46-A692-4AD5-BC08-7D3CFD2A1B3C}.Debug|x86.ActiveCfg = Debug|Win32
		{E7E4CA46-A692-4AD5-BC08-7D3CFD2A1B3C}.Debug|x86.Build.0 = Debug|Win32
		{E7E4CA46-A692-4AD5-BC08-7D3CFD2A1B3C}.Release|x64.ActiveCfg = Release|x64
		{E7E4CA46-A692-4AD5-BC08-7D3CFD2A1B3C}.Release|x64.Build.0 = Release|x64
		{E7E4CA46-A692-4AD5-BC08-7D3CFD2A1B3C}.Release|x86.ActiveCfg = Release|Win32
		{E7E4CA46-A692-4AD5-BC08-7D3CFD2A1B3C}.Release|x86.Build.0 = Release|Win32
		{8BCDCD54-848E-4DF6-B39C-47C130142B47}.Debug|x64.ActiveCfg = Debug|x64
		{8BCDCD54-848E-4DF6-B39C-47C130142B47}.Debug|x64.Build.0 = Debug|x64
		{8BCDCD54-848E-4DF6-B39C-47C130142B47}.Debug|x86.ActiveCfg = Debug|Win32
		{8BCDCD54-848E-4DF6-B39C-47C130142B47}.Debug|x86.Build.0 = Debug|Win32
		{8BCDCD54-848E-4DF6-B39C-47C130142B47}.Release|x64.ActiveCfg = Release|x64
		{8BCDCD54-848E-4DF6-B39C-47C130142B47}.Release|x64.Build.0 = Release|x64
		{8BCDCD54-848E-4DF6-B39C-47C130142B47}.Release|x86.ActiveCfg = Release|Win32
		{8BCDCD54-848E-4DF6-B39C-47C130142B47}.Release|x86.Build.0 = Release|Win32
		{D2F31203-FDC0-4788-A982-CE4A8041568D}.Debug|x64.ActiveCfg = Debug|x64
		{D2F31203-FDC0-4788-A982-CE4A8041568D}.Debug|x64.Build.0 = Debug|x64
		{D2F31203-FDC0-4788-A982-CE4A8041568D}.Debug|x86.ActiveCfg = Debug|Win32
		{D2F31203-FDC0-4788-A982-CE4A8041568D}.Debug|x86.Build.0 = Debug|Win32
		{D2F31203-FDC0-4788-A982-CE4A8041568D}.Release|x64.ActiveCfg = Release|x64
		{D2F31203-FDC0-4788-A982-CE4A8041568D}.Release|x64.Build.0 = Release|x64
		{D2F31203-FDC0-4788-A982-CE4A8041568D}.Release|x86.ActiveCfg = Release|Win32
		{D2F31203-FDC0-4788-A982-CE4A8041568D}.Release|x86.Build.0 = Release|Win32
		{7C73F82C-4309-4ABE-AD7F-0ADFF6AC66E3}.Debug|x64.ActiveCfg = Debug|x64
		{7C73F82C-4309-4ABE-AD7F-0ADFF6AC66E3}.Debug|x64.Build.0 = Debug|x64
		{7C73F82C-4309-4ABE-AD7F-0ADFF6AC66E3}.Debug|x86.ActiveCfg = Debug|Win32
		{7C73F82C-4309-4ABE-AD7F-0ADFF6AC66E3}.Debug|x86.Build.0 = Debug|Win32
		{7C73F82C-4309-4ABE-AD7F-0ADFF6AC66E3}.Release|x64.ActiveCfg = Release|x64
		{7C73F82C-4309-4ABE-AD7F-0ADFF6AC66E3}.Release|x64.Build.0 = Release|x64
		{7C73F82C-4309-4ABE-AD7F-0ADFF6AC66E3}.Release|x86.ActiveCfg = Release|Win32
		{7C73F82C-4309-4ABE-AD7F-0ADFF6AC66E3}.Release|x86.Build.0 = Release|Win32
		{E98BAE31-0B32-41BD-BCAC-75D39DD4A49D}.Debug|x64.ActiveCfg = Debug|x64
		{E98BAE31-0B32-41BD-BCAC-75D39DD4A49D}.Debug|x64.Build.0 = Debug|x64
		{E98BAE31-0B32-41BD-BCAC-75D39DD4A49D}.Debug|x86.ActiveCfg = Debug|Win32
		{E98BAE31-0B32-41BD-BCAC-75D39DD4A49D}.Debug|x86.Build.0 = Debug|Win32
		{E98BAE31-0B32-41BD-BCAC-75D39DD4A49D}.Release|x64.ActiveCfg = Release|x64
		{E98BAE31-0B32-41BD-BCAC-75D39DD4A49D}.Release|x64.Build.0 = Release|x64
		{E98BAE31-0B32-41BD-BCAC-75D39DD4A49D}.Release|x86.ActiveCfg = Release|Win32
		{E98BAE31-0B32-41BD-BCAC-75D39DD4A49D}.Release|x86.Build.0 = Release|Win32
		{9B2AFF9F-6E2D-45AB-8E75-BCBB33708766}.Debug|x64.ActiveCfg = Debug|x64
		{9B2AFF9F-6E2D-45AB-8E75-BCBB33708766}.Debug|x64.Build.0 = Debug|x64
		{9B2AFF9F-6E2D-45AB-8E75-BCBB33708766}.Debug|x86.ActiveCfg = Debug|Win32
		{9B2AFF9F-6E2D-45AB-8E75-BCBB33708766}.Debug|x86.Build.0 = Debug|Win32
		{9B2AFF9F-6E2D-45AB-8E75-BCBB33708766}.Release|x64.ActiveCfg = Release|x64
		{9B2AFF9F-6E2D-45AB-8E75-BCBB33708766}.Release|x64.Build.0 = Release|x64
		{9B2AFF9F-6E2D-45AB-8E75-BCBB33708766}.Release|x86.ActiveCfg = Release|Win32
		{9B2AFF9F-6E2D-45AB-8E75-BCBB33708766}.Release|x86.Build.0 = Release|Win32
		{AA3DC83C-8E7E-42E0-B291-C208C7B14E05}.Debug|x64.ActiveCfg = Debug|x64
		{AA3DC83C-8E7E-42E0-B291-C208C7B14E05}.Debug|x64.Build.0 = Debug|x64
		{AA3DC83C-8E7E-42E0-B291-C208C7B14E05}.Debug|x86.ActiveCfg = Debug|Win32
		{AA3DC83C-8E7E-42E0-B291-C208C7B14E05}.Debug|x86.Build.0 = Debug|Win32
		{AA3DC83C-8E7E-42E0-B291-C208C7B14E05}.Release|x64.ActiveCfg = Release|x64
		{AA3DC83C-8E7E-42E0-B291-C208C7B14E05}.Release|x64.Build.0 = Release|x64
		{AA3DC83C-8E7E-42E0-B291-C208C7B14E05}.Release|x86.ActiveCfg = Release|Win32
		{AA3DC83C-8E7E-42E0-B291-C208C7B14E05}.Release|x86.Build.0 = Release|Win32
		{F13E4CB3-8376-4A73-B4B3-4FCC52A860AE}.Debug|x64.ActiveCfg = Debug|x64
		{F13E4CB3-8376-4A73-B4B3-4FCC52A860AE}.Debug|x64.Build.0 = Debug|x64
		{F13E4CB3-8376-4A73-B4B3-4FCC52A860AE}.Debug|x86.ActiveCfg = Debug|Win32
		{F13E4CB3-8376-4A73-B4B3-4FCC52A860AE}.Debug|x86.Build.0 = Debug|Win32
		{F13E4CB3-8376-4A73-B4B3-4FCC52A860AE}.Release|x64.ActiveCfg = Release|x64
		{F13E4CB3-8376-4A73-B4B3-4FCC52A860AE}.Release|x64.Build.0 = Release|x64
		{F13E4CB3-8376-4A73-B4B3-4FCC52A860AE}.Release|x86.ActiveCfg = Release|Win32
		{F13E4CB3-8376-4A73-B4B3-4FCC52A860AE}.Release|x86.Build.0 = Release|Win32
		{0E8E4310-DD12-4F6B-83D5-DD0C9910606A}.Debug|x64.ActiveCfg = Debug|x64
		{0E8E4310-DD12-4F6B-83D5-DD0C9910606A}.Debug|x64.Build.0 = Debug|x64
		{0E8E4310-DD12-4F6B-83D5-DD0C9910606A}.Debug|x86.ActiveCfg = Debug|Win32
		{0E8E4310-DD12-4F6B-83D5-DD0C9910606A}.Debug|x86.Build.0 = Debug|Win32
		{0E8E4310-DD12-4F6B-83D5-DD0C9910606A}.Release|x64.ActiveCfg = Release|x64
		{0E8E4310-DD12-4F6B-83D5-DD0C9910606A}.Release|x64.Build.0 = Release|x64
		{0E8E4310-DD12-4F6B-83D5-DD0C9910606A}.Release|x86.ActiveCfg = Release|Win32
		{0E8E4310-DD12-4F6B-83D5-DD0C9910606A}.Release|x86.Build.0 = Release|Win32
		{D48B81A8-9148-4EB2-B624-2C3A9488D3AB}.Debug|x64.ActiveCfg = Debug|x64
		{D48B81A8-9148-4EB2-B624-2C3A9488D3AB}.Debug|x64.Build.0 = Debug|x64
		{D48B81A8-9148-4EB2-B624-2C3A9488D3AB}.Debug|x86.ActiveCfg = Debug|Win32
		{D48B81A8-9148-4EB2-B624-2C3A9488D3AB}.Debug|x86.Build.0 = Debug|Win32
		{D48B81A8-9148-4EB2-B624-2C3A9488D3AB}.Release|x64.ActiveCfg = Release|x64
		{D48B81A8-9148-4EB2-B624-2C3A9488D3AB}.Release|x64.Build.0 = Release|x64
		{D48B81A8-9148-4EB2-B624-2C3A9488D3AB}.Release|x86.ActiveCfg = Release|Win32
		{D48B81A8-9148-4EB2-B624-2C3A9488D3AB}.Release|x86.Build.0 = Release|Win32
		{123F04F5-D4FE-4CC8-8383-2807E154A96F}.Debug|x64.ActiveCfg = Debug|x64
		{123F04F5-D4FE-4CC8-8383-2807E154A96F}.Debug|x64.Build.0 = Debug|x64
		{123F04F5-D4FE-4CC8-8383-2807E154A96F}.Debug|x86.ActiveCfg = Debug|Win32
		{123F04F5-D4FE-4CC8-8383-2807E154A96F}.Debug|x86.Build.0 = Debug|Win32
		{123F04F5-D4FE-4CC8-8383-2807E154A96F}.Release|x64.ActiveCfg = Release|x64
		{123F04F5-D4FE-4CC8-8383-2807E154A96F}.Release|x64.Build.0 = Release|x64
		{123F04F5-D4FE-4CC8-8383-2807E154A96F}.Release|x86.ActiveCfg = Release|Win32
		{123F04F5-D4FE-4CC8-8383-2807E154A96F}.Release|x86.Build.0 = Release|Win32
	EndGlobalSection
	GlobalSection(SolutionProperties) = preSolution
		HideSolutionNode = FALSE
	EndGlobalSection
	GlobalSection(ExtensibilityGlobals) = postSolution
		SolutionGuid = {349B10C4-8C3F-4210-956C-91652CA80A0B}
	EndGlobalSection
EndGlobal
